
Microsoft Visual Studio Solution File, Format Version 12.00
# Visual Studio Version 17
VisualStudioVersion = 17.0.32014.148
MinimumVisualStudioVersion = 10.0.40219.1
Project("{9A19103F-16F7-4668-BE54-9A1E7A4F7556}") = "DecisionEngine", "DecisionEngine.csproj", "{5CF4A50F-A292-448A-A705-BB67F849CF03}"
EndProject
Project("{FAE04EC0-301F-11D3-BF4B-00C04F79EFBC}") = "DecisionEngine.Domain", "..\DecisionEngine.Domain\DecisionEngine.Domain.csproj", "{23C97FAD-4F86-4878-A6F9-183C9AB2AEFB}"
EndProject
Project("{FAE04EC0-301F-11D3-BF4B-00C04F79EFBC}") = "DecisionEngine.Infrastructure", "..\DecisionEngine.Infrastructure\DecisionEngine.Infrastructure.csproj", "{2F02B8F9-5D16-4B19-8BF9-C337BAED20EA}"
EndProject
Global
	GlobalSection(SolutionConfigurationPlatforms) = preSolution
		Debug|Any CPU = Debug|Any CPU
		Release|Any CPU = Release|Any CPU
	EndGlobalSection
	GlobalSection(ProjectConfigurationPlatforms) = postSolution
		{5CF4A50F-A292-448A-A705-BB67F849CF03}.Debug|Any CPU.ActiveCfg = Debug|Any CPU
		{5CF4A50F-A292-448A-A705-BB67F849CF03}.Debug|Any CPU.Build.0 = Debug|Any CPU
		{5CF4A50F-A292-448A-A705-BB67F849CF03}.Release|Any CPU.ActiveCfg = Release|Any CPU
		{5CF4A50F-A292-448A-A705-BB67F849CF03}.Release|Any CPU.Build.0 = Release|Any CPU
		{23C97FAD-4F86-4878-A6F9-183C9AB2AEFB}.Debug|Any CPU.ActiveCfg = Debug|Any CPU
		{23C97FAD-4F86-4878-A6F9-183C9AB2AEFB}.Debug|Any CPU.Build.0 = Debug|Any CPU
		{23C97FAD-4F86-4878-A6F9-183C9AB2AEFB}.Release|Any CPU.ActiveCfg = Release|Any CPU
		{23C97FAD-4F86-4878-A6F9-183C9AB2AEFB}.Release|Any CPU.Build.0 = Release|Any CPU
		{2F02B8F9-5D16-4B19-8BF9-C337BAED20EA}.Debug|Any CPU.ActiveCfg = Debug|Any CPU
		{2F02B8F9-5D16-4B19-8BF9-C337BAED20EA}.Debug|Any CPU.Build.0 = Debug|Any CPU
		{2F02B8F9-5D16-4B19-8BF9-C337BAED20EA}.Release|Any CPU.ActiveCfg = Release|Any CPU
		{2F02B8F9-5D16-4B19-8BF9-C337BAED20EA}.Release|Any CPU.Build.0 = Release|Any CPU
	EndGlobalSection
	GlobalSection(SolutionProperties) = preSolution
		HideSolutionNode = FALSE
	EndGlobalSection
	GlobalSection(ExtensibilityGlobals) = postSolution
		SolutionGuid = {75A7458B-7E57-496C-8A06-D7283E654411}
	EndGlobalSection
EndGlobal
